// !$*UTF8*$!
{
	archiveVersion = 1;
	classes = {
	};
	objectVersion = 55;
	objects = {

/* Begin PBXBuildFile section */
		6BDAB1E6286CB9B40077D424 /* main.cpp in Sources */ = {isa = PBXBuildFile; fileRef = 6BDAB1E5286CB9B40077D424 /* main.cpp */; };
		6BDAB1EE286CBC830077D424 /* libvulkan.1.dylib in Frameworks */ = {isa = PBXBuildFile; fileRef = 6BDAB1ED286CBC830077D424 /* libvulkan.1.dylib */; };
		6BDAB1F0286CBC880077D424 /* libvulkan.1.3.216.dylib in Frameworks */ = {isa = PBXBuildFile; fileRef = 6BDAB1EF286CBC880077D424 /* libvulkan.1.3.216.dylib */; };
		6BDAB1F1286CBCF70077D424 /* libvulkan.1.3.216.dylib in CopyFiles */ = {isa = PBXBuildFile; fileRef = 6BDAB1EF286CBC880077D424 /* libvulkan.1.3.216.dylib */; };
		6BDAB1F2286CBCFA0077D424 /* libvulkan.1.dylib in CopyFiles */ = {isa = PBXBuildFile; fileRef = 6BDAB1ED286CBC830077D424 /* libvulkan.1.dylib */; };
		6BDAB1F4286CC20A0077D424 /* libglfw.3.3.dylib in Frameworks */ = {isa = PBXBuildFile; fileRef = 6BDAB1F3286CC20A0077D424 /* libglfw.3.3.dylib */; };
		6BDAB1F5286CC2140077D424 /* libglfw.3.3.dylib in CopyFiles */ = {isa = PBXBuildFile; fileRef = 6BDAB1F3286CC20A0077D424 /* libglfw.3.3.dylib */; };
		6BDAB1F8286CD4C90077D424 /* libMoltenVK.dylib in CopyFiles */ = {isa = PBXBuildFile; fileRef = 6BDAB1F7286CD4C90077D424 /* libMoltenVK.dylib */; };
		6BDAB1F9286CD4E10077D424 /* libMoltenVK.dylib in Frameworks */ = {isa = PBXBuildFile; fileRef = 6BDAB1F7286CD4C90077D424 /* libMoltenVK.dylib */; };
/* End PBXBuildFile section */

/* Begin PBXCopyFilesBuildPhase section */
		6BDAB1E0286CB9B40077D424 /* CopyFiles */ = {
			isa = PBXCopyFilesBuildPhase;
			buildActionMask = 12;
			dstPath = "";
			dstSubfolderSpec = 10;
			files = (
				6BDAB1F8286CD4C90077D424 /* libMoltenVK.dylib in CopyFiles */,
				6BDAB1F5286CC2140077D424 /* libglfw.3.3.dylib in CopyFiles */,
				6BDAB1F2286CBCFA0077D424 /* libvulkan.1.dylib in CopyFiles */,
				6BDAB1F1286CBCF70077D424 /* libvulkan.1.3.216.dylib in CopyFiles */,
			);
			runOnlyForDeploymentPostprocessing = 0;
		};
/* End PBXCopyFilesBuildPhase section */

/* Begin PBXFileReference section */
		6BDAB1E2286CB9B40077D424 /* triangle */ = {isa = PBXFileReference; explicitFileType = "compiled.mach-o.executable"; includeInIndex = 0; path = triangle; sourceTree = BUILT_PRODUCTS_DIR; };
		6BDAB1E5286CB9B40077D424 /* main.cpp */ = {isa = PBXFileReference; lastKnownFileType = sourcecode.cpp.cpp; path = main.cpp; sourceTree = "<group>"; };
		6BDAB1ED286CBC830077D424 /* libvulkan.1.dylib */ = {isa = PBXFileReference; lastKnownFileType = "compiled.mach-o.dylib"; name = libvulkan.1.dylib; path = ../../../../../../usr/local/lib/libvulkan.1.dylib; sourceTree = "<group>"; };
		6BDAB1EF286CBC880077D424 /* libvulkan.1.3.216.dylib */ = {isa = PBXFileReference; lastKnownFileType = "compiled.mach-o.dylib"; name = libvulkan.1.3.216.dylib; path = ../../../../../../usr/local/lib/libvulkan.1.3.216.dylib; sourceTree = "<group>"; };
		6BDAB1F3286CC20A0077D424 /* libglfw.3.3.dylib */ = {isa = PBXFileReference; lastKnownFileType = "compiled.mach-o.dylib"; name = libglfw.3.3.dylib; path = ../../../../../../opt/homebrew/lib/libglfw.3.3.dylib; sourceTree = "<group>"; };
		6BDAB1F6286CC6050077D424 /* triangle.entitlements */ = {isa = PBXFileReference; lastKnownFileType = text.plist.entitlements; path = triangle.entitlements; sourceTree = "<group>"; };
		6BDAB1F7286CD4C90077D424 /* libMoltenVK.dylib */ = {isa = PBXFileReference; lastKnownFileType = "compiled.mach-o.dylib"; name = libMoltenVK.dylib; path = ../../../../../../usr/local/lib/libMoltenVK.dylib; sourceTree = "<group>"; };
/* End PBXFileReference section */

/* Begin PBXFrameworksBuildPhase section */
		6BDAB1DF286CB9B40077D424 /* Frameworks */ = {
			isa = PBXFrameworksBuildPhase;
			buildActionMask = 2147483647;
			files = (
				6BDAB1F9286CD4E10077D424 /* libMoltenVK.dylib in Frameworks */,
				6BDAB1EE286CBC830077D424 /* libvulkan.1.dylib in Frameworks */,
				6BDAB1F0286CBC880077D424 /* libvulkan.1.3.216.dylib in Frameworks */,
				6BDAB1F4286CC20A0077D424 /* libglfw.3.3.dylib in Frameworks */,
			);
			runOnlyForDeploymentPostprocessing = 0;
		};
/* End PBXFrameworksBuildPhase section */

/* Begin PBXGroup section */
		6BDAB1D9286CB9B40077D424 = {
			isa = PBXGroup;
			children = (
				6BDAB1E4286CB9B40077D424 /* triangle */,
				6BDAB1E3286CB9B40077D424 /* Products */,
				6BDAB1EC286CBC830077D424 /* Frameworks */,
			);
			sourceTree = "<group>";
		};
		6BDAB1E3286CB9B40077D424 /* Products */ = {
			isa = PBXGroup;
			children = (
				6BDAB1E2286CB9B40077D424 /* triangle */,
			);
			name = Products;
			sourceTree = "<group>";
		};
		6BDAB1E4286CB9B40077D424 /* triangle */ = {
			isa = PBXGroup;
			children = (
				6BDAB1F6286CC6050077D424 /* triangle.entitlements */,
				6BDAB1E5286CB9B40077D424 /* main.cpp */,
			);
			path = triangle;
			sourceTree = "<group>";
		};
		6BDAB1EC286CBC830077D424 /* Frameworks */ = {
			isa = PBXGroup;
			children = (
				6BDAB1F7286CD4C90077D424 /* libMoltenVK.dylib */,
				6BDAB1F3286CC20A0077D424 /* libglfw.3.3.dylib */,
				6BDAB1EF286CBC880077D424 /* libvulkan.1.3.216.dylib */,
				6BDAB1ED286CBC830077D424 /* libvulkan.1.dylib */,
			);
			name = Frameworks;
			sourceTree = "<group>";
		};
/* End PBXGroup section */

/* Begin PBXNativeTarget section */
		6BDAB1E1286CB9B40077D424 /* triangle */ = {
			isa = PBXNativeTarget;
			buildConfigurationList = 6BDAB1E9286CB9B40077D424 /* Build configuration list for PBXNativeTarget "triangle" */;
			buildPhases = (
				6BDAB1DF286CB9B40077D424 /* Frameworks */,
				6BDAB1E0286CB9B40077D424 /* CopyFiles */,
				6BDAB1DE286CB9B40077D424 /* Sources */,
			);
			buildRules = (
			);
			dependencies = (
			);
			name = triangle;
			productName = triangle;
			productReference = 6BDAB1E2286CB9B40077D424 /* triangle */;
			productType = "com.apple.product-type.tool";
		};
/* End PBXNativeTarget section */

/* Begin PBXProject section */
		6BDAB1DA286CB9B40077D424 /* Project object */ = {
			isa = PBXProject;
			attributes = {
				BuildIndependentTargetsInParallel = 1;
				LastUpgradeCheck = 1340;
				TargetAttributes = {
					6BDAB1E1286CB9B40077D424 = {
						CreatedOnToolsVersion = 13.4.1;
					};
				};
			};
			buildConfigurationList = 6BDAB1DD286CB9B40077D424 /* Build configuration list for PBXProject "triangle" */;
			compatibilityVersion = "Xcode 13.0";
			developmentRegion = en;
			hasScannedForEncodings = 0;
			knownRegions = (
				en,
				Base,
			);
			mainGroup = 6BDAB1D9286CB9B40077D424;
			productRefGroup = 6BDAB1E3286CB9B40077D424 /* Products */;
			projectDirPath = "";
			projectRoot = "";
			targets = (
				6BDAB1E1286CB9B40077D424 /* triangle */,
			);
		};
/* End PBXProject section */

/* Begin PBXSourcesBuildPhase section */
		6BDAB1DE286CB9B40077D424 /* Sources */ = {
			isa = PBXSourcesBuildPhase;
			buildActionMask = 2147483647;
			files = (
				6BDAB1E6286CB9B40077D424 /* main.cpp in Sources */,
			);
			runOnlyForDeploymentPostprocessing = 0;
		};
/* End PBXSourcesBuildPhase section */

/* Begin XCBuildConfiguration section */
		6BDAB1E7286CB9B40077D424 /* Debug */ = {
			isa = XCBuildConfiguration;
			buildSettings = {
				ALWAYS_SEARCH_USER_PATHS = NO;
				CLANG_ANALYZER_NONNULL = YES;
				CLANG_ANALYZER_NUMBER_OBJECT_CONVERSION = YES_AGGRESSIVE;
				CLANG_CXX_LANGUAGE_STANDARD = "gnu++17";
				CLANG_ENABLE_MODULES = YES;
				CLANG_ENABLE_OBJC_ARC = YES;
				CLANG_ENABLE_OBJC_WEAK = YES;
				CLANG_WARN_BLOCK_CAPTURE_AUTORELEASING = YES;
				CLANG_WARN_BOOL_CONVERSION = YES;
				CLANG_WARN_COMMA = YES;
				CLANG_WARN_CONSTANT_CONVERSION = YES;
				CLANG_WARN_DEPRECATED_OBJC_IMPLEMENTATIONS = YES;
				CLANG_WARN_DIRECT_OBJC_ISA_USAGE = YES_ERROR;
				CLANG_WARN_DOCUMENTATION_COMMENTS = YES;
				CLANG_WARN_EMPTY_BODY = YES;
				CLANG_WARN_ENUM_CONVERSION = YES;
				CLANG_WARN_INFINITE_RECURSION = YES;
				CLANG_WARN_INT_CONVERSION = YES;
				CLANG_WARN_NON_LITERAL_NULL_CONVERSION = YES;
				CLANG_WARN_OBJC_IMPLICIT_RETAIN_SELF = YES;
				CLANG_WARN_OBJC_LITERAL_CONVERSION = YES;
				CLANG_WARN_OBJC_ROOT_CLASS = YES_ERROR;
				CLANG_WARN_QUOTED_INCLUDE_IN_FRAMEWORK_HEADER = YES;
				CLANG_WARN_RANGE_LOOP_ANALYSIS = YES;
				CLANG_WARN_STRICT_PROTOTYPES = YES;
				CLANG_WARN_SUSPICIOUS_MOVE = YES;
				CLANG_WARN_UNGUARDED_AVAILABILITY = YES_AGGRESSIVE;
				CLANG_WARN_UNREACHABLE_CODE = YES;
				CLANG_WARN__DUPLICATE_METHOD_MATCH = YES;
				COPY_PHASE_STRIP = NO;
				DEBUG_INFORMATION_FORMAT = dwarf;
				ENABLE_STRICT_OBJC_MSGSEND = YES;
				ENABLE_TESTABILITY = YES;
				GCC_C_LANGUAGE_STANDARD = gnu11;
				GCC_DYNAMIC_NO_PIC = NO;
				GCC_NO_COMMON_BLOCKS = YES;
				GCC_OPTIMIZATION_LEVEL = 0;
				GCC_PREPROCESSOR_DEFINITIONS = (
					"DEBUG=1",
					"$(inherited)",
				);
				GCC_WARN_64_TO_32_BIT_CONVERSION = YES;
				GCC_WARN_ABOUT_RETURN_TYPE = YES_ERROR;
				GCC_WARN_UNDECLARED_SELECTOR = YES;
				GCC_WARN_UNINITIALIZED_AUTOS = YES_AGGRESSIVE;
				GCC_WARN_UNUSED_FUNCTION = YES;
				GCC_WARN_UNUSED_VARIABLE = YES;
				MACOSX_DEPLOYMENT_TARGET = 12.3;
				MTL_ENABLE_DEBUG_INFO = INCLUDE_SOURCE;
				MTL_FAST_MATH = YES;
				ONLY_ACTIVE_ARCH = YES;
				SDKROOT = macosx;
			};
			name = Debug;
		};
		6BDAB1E8286CB9B40077D424 /* Release */ = {
			isa = XCBuildConfiguration;
			buildSettings = {
				ALWAYS_SEARCH_USER_PATHS = NO;
				CLANG_ANALYZER_NONNULL = YES;
				CLANG_ANALYZER_NUMBER_OBJECT_CONVERSION = YES_AGGRESSIVE;
				CLANG_CXX_LANGUAGE_STANDARD = "gnu++17";
				CLANG_ENABLE_MODULES = YES;
				CLANG_ENABLE_OBJC_ARC = YES;
				CLANG_ENABLE_OBJC_WEAK = YES;
				CLANG_WARN_BLOCK_CAPTURE_AUTORELEASING = YES;
				CLANG_WARN_BOOL_CONVERSION = YES;
				CLANG_WARN_COMMA = YES;
				CLANG_WARN_CONSTANT_CONVERSION = YES;
				CLANG_WARN_DEPRECATED_OBJC_IMPLEMENTATIONS = YES;
				CLANG_WARN_DIRECT_OBJC_ISA_USAGE = YES_ERROR;
				CLANG_WARN_DOCUMENTATION_COMMENTS = YES;
				CLANG_WARN_EMPTY_BODY = YES;
				CLANG_WARN_ENUM_CONVERSION = YES;
				CLANG_WARN_INFINITE_RECURSION = YES;
				CLANG_WARN_INT_CONVERSION = YES;
				CLANG_WARN_NON_LITERAL_NULL_CONVERSION = YES;
				CLANG_WARN_OBJC_IMPLICIT_RETAIN_SELF = YES;
				CLANG_WARN_OBJC_LITERAL_CONVERSION = YES;
				CLANG_WARN_OBJC_ROOT_CLASS = YES_ERROR;
				CLANG_WARN_QUOTED_INCLUDE_IN_FRAMEWORK_HEADER = YES;
				CLANG_WARN_RANGE_LOOP_ANALYSIS = YES;
				CLANG_WARN_STRICT_PROTOTYPES = YES;
				CLANG_WARN_SUSPICIOUS_MOVE = YES;
				CLANG_WARN_UNGUARDED_AVAILABILITY = YES_AGGRESSIVE;
				CLANG_WARN_UNREACHABLE_CODE = YES;
				CLANG_WARN__DUPLICATE_METHOD_MATCH = YES;
				COPY_PHASE_STRIP = NO;
				DEBUG_INFORMATION_FORMAT = "dwarf-with-dsym";
				ENABLE_NS_ASSERTIONS = NO;
				ENABLE_STRICT_OBJC_MSGSEND = YES;
				GCC_C_LANGUAGE_STANDARD = gnu11;
				GCC_NO_COMMON_BLOCKS = YES;
				GCC_WARN_64_TO_32_BIT_CONVERSION = YES;
				GCC_WARN_ABOUT_RETURN_TYPE = YES_ERROR;
				GCC_WARN_UNDECLARED_SELECTOR = YES;
				GCC_WARN_UNINITIALIZED_AUTOS = YES_AGGRESSIVE;
				GCC_WARN_UNUSED_FUNCTION = YES;
				GCC_WARN_UNUSED_VARIABLE = YES;
				MACOSX_DEPLOYMENT_TARGET = 12.3;
				MTL_ENABLE_DEBUG_INFO = NO;
				MTL_FAST_MATH = YES;
				SDKROOT = macosx;
			};
			name = Release;
		};
		6BDAB1EA286CB9B40077D424 /* Debug */ = {
			isa = XCBuildConfiguration;
			buildSettings = {
				CODE_SIGN_ENTITLEMENTS = triangle/triangle.entitlements;
				CODE_SIGN_IDENTITY = "-";
				CODE_SIGN_STYLE = Automatic;
				DEVELOPMENT_TEAM = "";
				ENABLE_HARDENED_RUNTIME = YES;
				HEADER_SEARCH_PATHS = (
					/usr/local/include,
					/opt/homebrew/include,
				);
				LIBRARY_SEARCH_PATHS = (
					/usr/local/lib,
					/opt/homebrew/lib,
				);
				PRODUCT_NAME = "$(TARGET_NAME)";
				PROVISIONING_PROFILE_SPECIFIER = "";
			};
			name = Debug;
		};
		6BDAB1EB286CB9B40077D424 /* Release */ = {
			isa = XCBuildConfiguration;
			buildSettings = {
				CODE_SIGN_ENTITLEMENTS = triangle/triangle.entitlements;
				CODE_SIGN_IDENTITY = "Apple Development";
				CODE_SIGN_STYLE = Manual;
				DEVELOPMENT_TEAM = "";
				ENABLE_HARDENED_RUNTIME = YES;
				HEADER_SEARCH_PATHS = (
					/usr/local/include,
					/opt/homebrew/include,
				);
				LIBRARY_SEARCH_PATHS = (
					/usr/local/lib,
					/opt/homebrew/lib,
				);
				PRODUCT_NAME = "$(TARGET_NAME)";
				PROVISIONING_PROFILE_SPECIFIER = "";
			};
			name = Release;
		};
/* End XCBuildConfiguration section */

/* Begin XCConfigurationList section */
		6BDAB1DD286CB9B40077D424 /* Build configuration list for PBXProject "triangle" */ = {
			isa = XCConfigurationList;
			buildConfigurations = (
				6BDAB1E7286CB9B40077D424 /* Debug */,
				6BDAB1E8286CB9B40077D424 /* Release */,
			);
			defaultConfigurationIsVisible = 0;
			defaultConfigurationName = Release;
		};
		6BDAB1E9286CB9B40077D424 /* Build configuration list for PBXNativeTarget "triangle" */ = {
			isa = XCConfigurationList;
			buildConfigurations = (
				6BDAB1EA286CB9B40077D424 /* Debug */,
				6BDAB1EB286CB9B40077D424 /* Release */,
			);
			defaultConfigurationIsVisible = 0;
			defaultConfigurationName = Release;
		};
/* End XCConfigurationList section */
	};
	rootObject = 6BDAB1DA286CB9B40077D424 /* Project object */;
}
